<?xml version="1.0" encoding="utf-8"?>
<Project ToolsVersion="4.0" xmlns="http://schemas.microsoft.com/developer/msbuild/2003">
  <ItemGroup>
    <ClCompile Include="ImageManagerIns.cpp">
      <Filter>Source Files</Filter>
    </ClCompile>
    <ClCompile Include="VideoCapturerIns.cpp">
      <Filter>Source Files</Filter>
    </ClCompile>
    <ClCompile Include="VideoCapturerLib.cpp">
      <Filter>Source Files</Filter>
    </ClCompile>
  </ItemGroup>
  <ItemGroup>
    <ClInclude Include="ImageManagerIns.h">
      <Filter>Header Files</Filter>
    </ClInclude>
    <ClInclude Include="VideoCapturerIns.h">
      <Filter>Header Files</Filter>
    </ClInclude>
    <ClInclude Include="..\Include\VideoCapturerLib.h">
      <Filter>Header Files</Filter>
    </ClInclude>
  </ItemGroup>
  <ItemGroup>
    <Filter Include="Header Files">
      <UniqueIdentifier>{2c15416d-de24-4e81-90a1-6bfff9bab254}</UniqueIdentifier>
    </Filter>
    <Filter Include="Source Files">
      <UniqueIdentifier>{56bd830f-fb32-4be7-8545-433d0733c115}</UniqueIdentifier>
    </Filter>
  </ItemGroup>
</Project>